// !$*UTF8*$!
{
	archiveVersion = 1;
	classes = {
	};
	objectVersion = 50;
	objects = {

/* Begin PBXBuildFile section */
		D820D51D25230C68007CB507 /* PasswordManagerPlusApp.swift in Sources */ = {isa = PBXBuildFile; fileRef = D820D51C25230C68007CB507 /* PasswordManagerPlusApp.swift */; };
		D820D51F25230C68007CB507 /* ContentView.swift in Sources */ = {isa = PBXBuildFile; fileRef = D820D51E25230C68007CB507 /* ContentView.swift */; };
		D820D52125230C69007CB507 /* Assets.xcassets in Resources */ = {isa = PBXBuildFile; fileRef = D820D52025230C69007CB507 /* Assets.xcassets */; };
		D820D52425230C69007CB507 /* Preview Assets.xcassets in Resources */ = {isa = PBXBuildFile; fileRef = D820D52325230C69007CB507 /* Preview Assets.xcassets */; };
		D820D52625230C69007CB507 /* Persistence.swift in Sources */ = {isa = PBXBuildFile; fileRef = D820D52525230C69007CB507 /* Persistence.swift */; };
		D820D52925230C69007CB507 /* PasswordManagerPlus.xcdatamodeld in Sources */ = {isa = PBXBuildFile; fileRef = D820D52725230C69007CB507 /* PasswordManagerPlus.xcdatamodeld */; };
		D8C0864C252772AC00BCBC3F /* ZHPasswordItemList.swift in Sources */ = {isa = PBXBuildFile; fileRef = D8C0864B252772AC00BCBC3F /* ZHPasswordItemList.swift */; };
		D8C086502527738E00BCBC3F /* ZHSearchBar.swift in Sources */ = {isa = PBXBuildFile; fileRef = D8C0864F2527738E00BCBC3F /* ZHSearchBar.swift */; };
/* End PBXBuildFile section */

/* Begin PBXFileReference section */
		D820D51925230C68007CB507 /* PasswordManagerPlus.app */ = {isa = PBXFileReference; explicitFileType = wrapper.application; includeInIndex = 0; path = PasswordManagerPlus.app; sourceTree = BUILT_PRODUCTS_DIR; };
		D820D51C25230C68007CB507 /* PasswordManagerPlusApp.swift */ = {isa = PBXFileReference; lastKnownFileType = sourcecode.swift; path = PasswordManagerPlusApp.swift; sourceTree = "<group>"; };
		D820D51E25230C68007CB507 /* ContentView.swift */ = {isa = PBXFileReference; lastKnownFileType = sourcecode.swift; path = ContentView.swift; sourceTree = "<group>"; };
		D820D52025230C69007CB507 /* Assets.xcassets */ = {isa = PBXFileReference; lastKnownFileType = folder.assetcatalog; path = Assets.xcassets; sourceTree = "<group>"; };
		D820D52325230C69007CB507 /* Preview Assets.xcassets */ = {isa = PBXFileReference; lastKnownFileType = folder.assetcatalog; path = "Preview Assets.xcassets"; sourceTree = "<group>"; };
		D820D52525230C69007CB507 /* Persistence.swift */ = {isa = PBXFileReference; lastKnownFileType = sourcecode.swift; path = Persistence.swift; sourceTree = "<group>"; };
		D820D52825230C69007CB507 /* PasswordManagerPlus.xcdatamodel */ = {isa = PBXFileReference; lastKnownFileType = wrapper.xcdatamodel; path = PasswordManagerPlus.xcdatamodel; sourceTree = "<group>"; };
		D820D52A25230C69007CB507 /* Info.plist */ = {isa = PBXFileReference; lastKnownFileType = text.plist.xml; path = Info.plist; sourceTree = "<group>"; };
		D8C0864B252772AC00BCBC3F /* ZHPasswordItemList.swift */ = {isa = PBXFileReference; lastKnownFileType = sourcecode.swift; path = ZHPasswordItemList.swift; sourceTree = "<group>"; };
		D8C0864F2527738E00BCBC3F /* ZHSearchBar.swift */ = {isa = PBXFileReference; lastKnownFileType = sourcecode.swift; path = ZHSearchBar.swift; sourceTree = "<group>"; };
/* End PBXFileReference section */

/* Begin PBXFrameworksBuildPhase section */
		D820D51625230C68007CB507 /* Frameworks */ = {
			isa = PBXFrameworksBuildPhase;
			buildActionMask = 2147483647;
			files = (
			);
			runOnlyForDeploymentPostprocessing = 0;
		};
/* End PBXFrameworksBuildPhase section */

/* Begin PBXGroup section */
		D820D51025230C68007CB507 = {
			isa = PBXGroup;
			children = (
				D820D51B25230C68007CB507 /* PasswordManagerPlus */,
				D820D51A25230C68007CB507 /* Products */,
			);
			sourceTree = "<group>";
		};
		D820D51A25230C68007CB507 /* Products */ = {
			isa = PBXGroup;
			children = (
				D820D51925230C68007CB507 /* PasswordManagerPlus.app */,
			);
			name = Products;
			sourceTree = "<group>";
		};
		D820D51B25230C68007CB507 /* PasswordManagerPlus */ = {
			isa = PBXGroup;
			children = (
				D820D51E25230C68007CB507 /* ContentView.swift */,
				D8C0864B252772AC00BCBC3F /* ZHPasswordItemList.swift */,
				D8C0864F2527738E00BCBC3F /* ZHSearchBar.swift */,
				D8C086492527726000BCBC3F /* Resources */,
				D820D52225230C69007CB507 /* Preview Content */,
			);
			path = PasswordManagerPlus;
			sourceTree = "<group>";
		};
		D820D52225230C69007CB507 /* Preview Content */ = {
			isa = PBXGroup;
			children = (
				D820D52325230C69007CB507 /* Preview Assets.xcassets */,
			);
			path = "Preview Content";
			sourceTree = "<group>";
		};
		D8C086492527726000BCBC3F /* Resources */ = {
			isa = PBXGroup;
			children = (
				D820D52025230C69007CB507 /* Assets.xcassets */,
				D820D52525230C69007CB507 /* Persistence.swift */,
				D820D52A25230C69007CB507 /* Info.plist */,
				D820D52725230C69007CB507 /* PasswordManagerPlus.xcdatamodeld */,
				D820D51C25230C68007CB507 /* PasswordManagerPlusApp.swift */,
			);
			path = Resources;
			sourceTree = "<group>";
		};
/* End PBXGroup section */

/* Begin PBXNativeTarget section */
		D820D51825230C68007CB507 /* PasswordManagerPlus */ = {
			isa = PBXNativeTarget;
			buildConfigurationList = D820D52D25230C69007CB507 /* Build configuration list for PBXNativeTarget "PasswordManagerPlus" */;
			buildPhases = (
				D820D51525230C68007CB507 /* Sources */,
				D820D51625230C68007CB507 /* Frameworks */,
				D820D51725230C68007CB507 /* Resources */,
			);
			buildRules = (
			);
			dependencies = (
			);
			name = PasswordManagerPlus;
			productName = PasswordManagerPlus;
			productReference = D820D51925230C68007CB507 /* PasswordManagerPlus.app */;
			productType = "com.apple.product-type.application";
		};
/* End PBXNativeTarget section */

/* Begin PBXProject section */
		D820D51125230C68007CB507 /* Project object */ = {
			isa = PBXProject;
			attributes = {
				LastSwiftUpdateCheck = 1200;
				LastUpgradeCheck = 1200;
				TargetAttributes = {
					D820D51825230C68007CB507 = {
						CreatedOnToolsVersion = 12.0.1;
					};
				};
			};
			buildConfigurationList = D820D51425230C68007CB507 /* Build configuration list for PBXProject "PasswordManagerPlus" */;
			compatibilityVersion = "Xcode 9.3";
			developmentRegion = en;
			hasScannedForEncodings = 0;
			knownRegions = (
				en,
				Base,
			);
			mainGroup = D820D51025230C68007CB507;
			productRefGroup = D820D51A25230C68007CB507 /* Products */;
			projectDirPath = "";
			projectRoot = "";
			targets = (
				D820D51825230C68007CB507 /* PasswordManagerPlus */,
			);
		};
/* End PBXProject section */

/* Begin PBXResourcesBuildPhase section */
		D820D51725230C68007CB507 /* Resources */ = {
			isa = PBXResourcesBuildPhase;
			buildActionMask = 2147483647;
			files = (
				D820D52425230C69007CB507 /* Preview Assets.xcassets in Resources */,
				D820D52125230C69007CB507 /* Assets.xcassets in Resources */,
			);
			runOnlyForDeploymentPostprocessing = 0;
		};
/* End PBXResourcesBuildPhase section */

/* Begin PBXSourcesBuildPhase section */
		D820D51525230C68007CB507 /* Sources */ = {
			isa = PBXSourcesBuildPhase;
			buildActionMask = 2147483647;
			files = (
				D820D52925230C69007CB507 /* PasswordManagerPlus.xcdatamodeld in Sources */,
				D8C086502527738E00BCBC3F /* ZHSearchBar.swift in Sources */,
				D820D52625230C69007CB507 /* Persistence.swift in Sources */,
				D8C0864C252772AC00BCBC3F /* ZHPasswordItemList.swift in Sources */,
				D820D51F25230C68007CB507 /* ContentView.swift in Sources */,
				D820D51D25230C68007CB507 /* PasswordManagerPlusApp.swift in Sources */,
			);
			runOnlyForDeploymentPostprocessing = 0;
		};
/* End PBXSourcesBuildPhase section */

/* Begin XCBuildConfiguration section */
		D820D52B25230C69007CB507 /* Debug */ = {
			isa = XCBuildConfiguration;
			buildSettings = {
				ALWAYS_SEARCH_USER_PATHS = NO;
				CLANG_ANALYZER_NONNULL = YES;
				CLANG_ANALYZER_NUMBER_OBJECT_CONVERSION = YES_AGGRESSIVE;
				CLANG_CXX_LANGUAGE_STANDARD = "gnu++14";
				CLANG_CXX_LIBRARY = "libc++";
				CLANG_ENABLE_MODULES = YES;
				CLANG_ENABLE_OBJC_ARC = YES;
				CLANG_ENABLE_OBJC_WEAK = YES;
				CLANG_WARN_BLOCK_CAPTURE_AUTORELEASING = YES;
				CLANG_WARN_BOOL_CONVERSION = YES;
				CLANG_WARN_COMMA = YES;
				CLANG_WARN_CONSTANT_CONVERSION = YES;
				CLANG_WARN_DEPRECATED_OBJC_IMPLEMENTATIONS = YES;
				CLANG_WARN_DIRECT_OBJC_ISA_USAGE = YES_ERROR;
				CLANG_WARN_DOCUMENTATION_COMMENTS = YES;
				CLANG_WARN_EMPTY_BODY = YES;
				CLANG_WARN_ENUM_CONVERSION = YES;
				CLANG_WARN_INFINITE_RECURSION = YES;
				CLANG_WARN_INT_CONVERSION = YES;
				CLANG_WARN_NON_LITERAL_NULL_CONVERSION = YES;
				CLANG_WARN_OBJC_IMPLICIT_RETAIN_SELF = YES;
				CLANG_WARN_OBJC_LITERAL_CONVERSION = YES;
				CLANG_WARN_OBJC_ROOT_CLASS = YES_ERROR;
				CLANG_WARN_QUOTED_INCLUDE_IN_FRAMEWORK_HEADER = YES;
				CLANG_WARN_RANGE_LOOP_ANALYSIS = YES;
				CLANG_WARN_STRICT_PROTOTYPES = YES;
				CLANG_WARN_SUSPICIOUS_MOVE = YES;
				CLANG_WARN_UNGUARDED_AVAILABILITY = YES_AGGRESSIVE;
				CLANG_WARN_UNREACHABLE_CODE = YES;
				CLANG_WARN__DUPLICATE_METHOD_MATCH = YES;
				COPY_PHASE_STRIP = NO;
				DEBUG_INFORMATION_FORMAT = dwarf;
				ENABLE_STRICT_OBJC_MSGSEND = YES;
				ENABLE_TESTABILITY = YES;
				GCC_C_LANGUAGE_STANDARD = gnu11;
				GCC_DYNAMIC_NO_PIC = NO;
				GCC_NO_COMMON_BLOCKS = YES;
				GCC_OPTIMIZATION_LEVEL = 0;
				GCC_PREPROCESSOR_DEFINITIONS = (
					"DEBUG=1",
					"$(inherited)",
				);
				GCC_WARN_64_TO_32_BIT_CONVERSION = YES;
				GCC_WARN_ABOUT_RETURN_TYPE = YES_ERROR;
				GCC_WARN_UNDECLARED_SELECTOR = YES;
				GCC_WARN_UNINITIALIZED_AUTOS = YES_AGGRESSIVE;
				GCC_WARN_UNUSED_FUNCTION = YES;
				GCC_WARN_UNUSED_VARIABLE = YES;
				IPHONEOS_DEPLOYMENT_TARGET = 14.0;
				MTL_ENABLE_DEBUG_INFO = INCLUDE_SOURCE;
				MTL_FAST_MATH = YES;
				ONLY_ACTIVE_ARCH = YES;
				SDKROOT = iphoneos;
				SWIFT_ACTIVE_COMPILATION_CONDITIONS = DEBUG;
				SWIFT_OPTIMIZATION_LEVEL = "-Onone";
			};
			name = Debug;
		};
		D820D52C25230C69007CB507 /* Release */ = {
			isa = XCBuildConfiguration;
			buildSettings = {
				ALWAYS_SEARCH_USER_PATHS = NO;
				CLANG_ANALYZER_NONNULL = YES;
				CLANG_ANALYZER_NUMBER_OBJECT_CONVERSION = YES_AGGRESSIVE;
				CLANG_CXX_LANGUAGE_STANDARD = "gnu++14";
				CLANG_CXX_LIBRARY = "libc++";
				CLANG_ENABLE_MODULES = YES;
				CLANG_ENABLE_OBJC_ARC = YES;
				CLANG_ENABLE_OBJC_WEAK = YES;
				CLANG_WARN_BLOCK_CAPTURE_AUTORELEASING = YES;
				CLANG_WARN_BOOL_CONVERSION = YES;
				CLANG_WARN_COMMA = YES;
				CLANG_WARN_CONSTANT_CONVERSION = YES;
				CLANG_WARN_DEPRECATED_OBJC_IMPLEMENTATIONS = YES;
				CLANG_WARN_DIRECT_OBJC_ISA_USAGE = YES_ERROR;
				CLANG_WARN_DOCUMENTATION_COMMENTS = YES;
				CLANG_WARN_EMPTY_BODY = YES;
				CLANG_WARN_ENUM_CONVERSION = YES;
				CLANG_WARN_INFINITE_RECURSION = YES;
				CLANG_WARN_INT_CONVERSION = YES;
				CLANG_WARN_NON_LITERAL_NULL_CONVERSION = YES;
				CLANG_WARN_OBJC_IMPLICIT_RETAIN_SELF = YES;
				CLANG_WARN_OBJC_LITERAL_CONVERSION = YES;
				CLANG_WARN_OBJC_ROOT_CLASS = YES_ERROR;
				CLANG_WARN_QUOTED_INCLUDE_IN_FRAMEWORK_HEADER = YES;
				CLANG_WARN_RANGE_LOOP_ANALYSIS = YES;
				CLANG_WARN_STRICT_PROTOTYPES = YES;
				CLANG_WARN_SUSPICIOUS_MOVE = YES;
				CLANG_WARN_UNGUARDED_AVAILABILITY = YES_AGGRESSIVE;
				CLANG_WARN_UNREACHABLE_CODE = YES;
				CLANG_WARN__DUPLICATE_METHOD_MATCH = YES;
				COPY_PHASE_STRIP = NO;
				DEBUG_INFORMATION_FORMAT = "dwarf-with-dsym";
				ENABLE_NS_ASSERTIONS = NO;
				ENABLE_STRICT_OBJC_MSGSEND = YES;
				GCC_C_LANGUAGE_STANDARD = gnu11;
				GCC_NO_COMMON_BLOCKS = YES;
				GCC_WARN_64_TO_32_BIT_CONVERSION = YES;
				GCC_WARN_ABOUT_RETURN_TYPE = YES_ERROR;
				GCC_WARN_UNDECLARED_SELECTOR = YES;
				GCC_WARN_UNINITIALIZED_AUTOS = YES_AGGRESSIVE;
				GCC_WARN_UNUSED_FUNCTION = YES;
				GCC_WARN_UNUSED_VARIABLE = YES;
				IPHONEOS_DEPLOYMENT_TARGET = 14.0;
				MTL_ENABLE_DEBUG_INFO = NO;
				MTL_FAST_MATH = YES;
				SDKROOT = iphoneos;
				SWIFT_COMPILATION_MODE = wholemodule;
				SWIFT_OPTIMIZATION_LEVEL = "-O";
				VALIDATE_PRODUCT = YES;
			};
			name = Release;
		};
		D820D52E25230C69007CB507 /* Debug */ = {
			isa = XCBuildConfiguration;
			buildSettings = {
				ASSETCATALOG_COMPILER_APPICON_NAME = AppIcon;
				ASSETCATALOG_COMPILER_GLOBAL_ACCENT_COLOR_NAME = AccentColor;
				CODE_SIGN_STYLE = Automatic;
				DEVELOPMENT_ASSET_PATHS = "\"PasswordManagerPlus/Preview Content\"";
				ENABLE_PREVIEWS = YES;
				INFOPLIST_FILE = PasswordManagerPlus/Resources/Info.plist;
				IPHONEOS_DEPLOYMENT_TARGET = 14.0;
				LD_RUNPATH_SEARCH_PATHS = (
					"$(inherited)",
					"@executable_path/Frameworks",
				);
				PRODUCT_BUNDLE_IDENTIFIER = com.wangzh.joe.PasswordManagerPlus;
				PRODUCT_NAME = "$(TARGET_NAME)";
				SWIFT_VERSION = 5.0;
				TARGETED_DEVICE_FAMILY = "1,2";
			};
			name = Debug;
		};
		D820D52F25230C69007CB507 /* Release */ = {
			isa = XCBuildConfiguration;
			buildSettings = {
				ASSETCATALOG_COMPILER_APPICON_NAME = AppIcon;
				ASSETCATALOG_COMPILER_GLOBAL_ACCENT_COLOR_NAME = AccentColor;
				CODE_SIGN_STYLE = Automatic;
				DEVELOPMENT_ASSET_PATHS = "\"PasswordManagerPlus/Preview Content\"";
				ENABLE_PREVIEWS = YES;
				INFOPLIST_FILE = PasswordManagerPlus/Resources/Info.plist;
				IPHONEOS_DEPLOYMENT_TARGET = 14.0;
				LD_RUNPATH_SEARCH_PATHS = (
					"$(inherited)",
					"@executable_path/Frameworks",
				);
				PRODUCT_BUNDLE_IDENTIFIER = com.wangzh.joe.PasswordManagerPlus;
				PRODUCT_NAME = "$(TARGET_NAME)";
				SWIFT_VERSION = 5.0;
				TARGETED_DEVICE_FAMILY = "1,2";
			};
			name = Release;
		};
/* End XCBuildConfiguration section */

/* Begin XCConfigurationList section */
		D820D51425230C68007CB507 /* Build configuration list for PBXProject "PasswordManagerPlus" */ = {
			isa = XCConfigurationList;
			buildConfigurations = (
				D820D52B25230C69007CB507 /* Debug */,
				D820D52C25230C69007CB507 /* Release */,
			);
			defaultConfigurationIsVisible = 0;
			defaultConfigurationName = Release;
		};
		D820D52D25230C69007CB507 /* Build configuration list for PBXNativeTarget "PasswordManagerPlus" */ = {
			isa = XCConfigurationList;
			buildConfigurations = (
				D820D52E25230C69007CB507 /* Debug */,
				D820D52F25230C69007CB507 /* Release */,
			);
			defaultConfigurationIsVisible = 0;
			defaultConfigurationName = Release;
		};
/* End XCConfigurationList section */

/* Begin XCVersionGroup section */
		D820D52725230C69007CB507 /* PasswordManagerPlus.xcdatamodeld */ = {
			isa = XCVersionGroup;
			children = (
				D820D52825230C69007CB507 /* PasswordManagerPlus.xcdatamodel */,
			);
			currentVersion = D820D52825230C69007CB507 /* PasswordManagerPlus.xcdatamodel */;
			path = PasswordManagerPlus.xcdatamodeld;
			sourceTree = "<group>";
			versionGroupType = wrapper.xcdatamodel;
		};
/* End XCVersionGroup section */
	};
	rootObject = D820D51125230C68007CB507 /* Project object */;
}
